// !$*UTF8*$!
{
	archiveVersion = 1;
	classes = {
	};
	objectVersion = 50;
	objects = {

/* Begin PBXBuildFile section */
		02BEE48921E42D4E00D9D459 /* AppDelegate.swift in Sources */ = {isa = PBXBuildFile; fileRef = 02BEE48821E42D4E00D9D459 /* AppDelegate.swift */; };
		02BEE48B21E42D4E00D9D459 /* ViewController.swift in Sources */ = {isa = PBXBuildFile; fileRef = 02BEE48A21E42D4E00D9D459 /* ViewController.swift */; };
		02BEE48E21E42D4E00D9D459 /* Main.storyboard in Resources */ = {isa = PBXBuildFile; fileRef = 02BEE48C21E42D4E00D9D459 /* Main.storyboard */; };
		02BEE49021E42D5100D9D459 /* Assets.xcassets in Resources */ = {isa = PBXBuildFile; fileRef = 02BEE48F21E42D5100D9D459 /* Assets.xcassets */; };
		02BEE49321E42D5100D9D459 /* LaunchScreen.storyboard in Resources */ = {isa = PBXBuildFile; fileRef = 02BEE49121E42D5100D9D459 /* LaunchScreen.storyboard */; };
		02BEE49C21E4312600D9D459 /* HotspotHelperManager.swift in Sources */ = {isa = PBXBuildFile; fileRef = 02BEE49B21E4312600D9D459 /* HotspotHelperManager.swift */; };
		02BEE49F21E431AE00D9D459 /* WiFiData.swift in Sources */ = {isa = PBXBuildFile; fileRef = 02BEE49E21E431AE00D9D459 /* WiFiData.swift */; };
		02BEE4AD21E4767400D9D459 /* NetworkExtension.framework in Frameworks */ = {isa = PBXBuildFile; fileRef = 02BEE4AC21E4767400D9D459 /* NetworkExtension.framework */; };
/* End PBXBuildFile section */

/* Begin PBXFileReference section */
		02BEE48521E42D4E00D9D459 /* NEHotspotHelperApp.app */ = {isa = PBXFileReference; explicitFileType = wrapper.application; includeInIndex = 0; path = NEHotspotHelperApp.app; sourceTree = BUILT_PRODUCTS_DIR; };
		02BEE48821E42D4E00D9D459 /* AppDelegate.swift */ = {isa = PBXFileReference; lastKnownFileType = sourcecode.swift; path = AppDelegate.swift; sourceTree = "<group>"; };
		02BEE48A21E42D4E00D9D459 /* ViewController.swift */ = {isa = PBXFileReference; lastKnownFileType = sourcecode.swift; path = ViewController.swift; sourceTree = "<group>"; };
		02BEE48D21E42D4E00D9D459 /* Base */ = {isa = PBXFileReference; lastKnownFileType = file.storyboard; name = Base; path = Base.lproj/Main.storyboard; sourceTree = "<group>"; };
		02BEE48F21E42D5100D9D459 /* Assets.xcassets */ = {isa = PBXFileReference; lastKnownFileType = folder.assetcatalog; path = Assets.xcassets; sourceTree = "<group>"; };
		02BEE49221E42D5100D9D459 /* Base */ = {isa = PBXFileReference; lastKnownFileType = file.storyboard; name = Base; path = Base.lproj/LaunchScreen.storyboard; sourceTree = "<group>"; };
		02BEE49421E42D5100D9D459 /* Info.plist */ = {isa = PBXFileReference; lastKnownFileType = text.plist.xml; path = Info.plist; sourceTree = "<group>"; };
		02BEE49B21E4312600D9D459 /* HotspotHelperManager.swift */ = {isa = PBXFileReference; fileEncoding = 4; lastKnownFileType = sourcecode.swift; path = HotspotHelperManager.swift; sourceTree = "<group>"; };
		02BEE49E21E431AE00D9D459 /* WiFiData.swift */ = {isa = PBXFileReference; lastKnownFileType = sourcecode.swift; path = WiFiData.swift; sourceTree = "<group>"; };
		02BEE4A821E4703C00D9D459 /* NEHotspotHelperApp.entitlements */ = {isa = PBXFileReference; lastKnownFileType = text.plist.entitlements; path = NEHotspotHelperApp.entitlements; sourceTree = "<group>"; };
		02BEE4AC21E4767400D9D459 /* NetworkExtension.framework */ = {isa = PBXFileReference; lastKnownFileType = wrapper.framework; name = NetworkExtension.framework; path = System/Library/Frameworks/NetworkExtension.framework; sourceTree = SDKROOT; };
/* End PBXFileReference section */

/* Begin PBXFrameworksBuildPhase section */
		02BEE48221E42D4E00D9D459 /* Frameworks */ = {
			isa = PBXFrameworksBuildPhase;
			buildActionMask = 2147483647;
			files = (
				02BEE4AD21E4767400D9D459 /* NetworkExtension.framework in Frameworks */,
			);
			runOnlyForDeploymentPostprocessing = 0;
		};
/* End PBXFrameworksBuildPhase section */

/* Begin PBXGroup section */
		02BEE47C21E42D4E00D9D459 = {
			isa = PBXGroup;
			children = (
				02BEE48721E42D4E00D9D459 /* NEHotspotHelperApp */,
				02BEE48621E42D4E00D9D459 /* Products */,
				02BEE4A021E4330400D9D459 /* Frameworks */,
			);
			sourceTree = "<group>";
		};
		02BEE48621E42D4E00D9D459 /* Products */ = {
			isa = PBXGroup;
			children = (
				02BEE48521E42D4E00D9D459 /* NEHotspotHelperApp.app */,
			);
			name = Products;
			sourceTree = "<group>";
		};
		02BEE48721E42D4E00D9D459 /* NEHotspotHelperApp */ = {
			isa = PBXGroup;
			children = (
				02BEE4A821E4703C00D9D459 /* NEHotspotHelperApp.entitlements */,
				02BEE48821E42D4E00D9D459 /* AppDelegate.swift */,
				02BEE48A21E42D4E00D9D459 /* ViewController.swift */,
				02BEE49D21E4318900D9D459 /* Wi-Fi */,
				02BEE48C21E42D4E00D9D459 /* Main.storyboard */,
				02BEE48F21E42D5100D9D459 /* Assets.xcassets */,
				02BEE49121E42D5100D9D459 /* LaunchScreen.storyboard */,
				02BEE49421E42D5100D9D459 /* Info.plist */,
			);
			path = NEHotspotHelperApp;
			sourceTree = "<group>";
		};
		02BEE49D21E4318900D9D459 /* Wi-Fi */ = {
			isa = PBXGroup;
			children = (
				02BEE49B21E4312600D9D459 /* HotspotHelperManager.swift */,
				02BEE49E21E431AE00D9D459 /* WiFiData.swift */,
			);
			path = "Wi-Fi";
			sourceTree = "<group>";
		};
		02BEE4A021E4330400D9D459 /* Frameworks */ = {
			isa = PBXGroup;
			children = (
				02BEE4AC21E4767400D9D459 /* NetworkExtension.framework */,
			);
			name = Frameworks;
			sourceTree = "<group>";
		};
/* End PBXGroup section */

/* Begin PBXNativeTarget section */
		02BEE48421E42D4E00D9D459 /* NEHotspotHelperApp */ = {
			isa = PBXNativeTarget;
			buildConfigurationList = 02BEE49721E42D5100D9D459 /* Build configuration list for PBXNativeTarget "NEHotspotHelperApp" */;
			buildPhases = (
				02BEE48121E42D4E00D9D459 /* Sources */,
				02BEE48221E42D4E00D9D459 /* Frameworks */,
				02BEE48321E42D4E00D9D459 /* Resources */,
			);
			buildRules = (
			);
			dependencies = (
			);
			name = NEHotspotHelperApp;
			productName = NEHotspotHelperSample;
			productReference = 02BEE48521E42D4E00D9D459 /* NEHotspotHelperApp.app */;
			productType = "com.apple.product-type.application";
		};
/* End PBXNativeTarget section */

/* Begin PBXProject section */
		02BEE47D21E42D4E00D9D459 /* Project object */ = {
			isa = PBXProject;
			attributes = {
				LastSwiftUpdateCheck = 1010;
				LastUpgradeCheck = 1010;
				ORGANIZATIONNAME = test;
				TargetAttributes = {
					02BEE48421E42D4E00D9D459 = {
						CreatedOnToolsVersion = 10.1;
						SystemCapabilities = {
							com.apple.BackgroundModes = {
								enabled = 0;
							};
							com.apple.NetworkExtensions.iOS = {
								enabled = 0;
							};
							com.apple.VPNLite = {
								enabled = 1;
							};
						};
					};
				};
			};
			buildConfigurationList = 02BEE48021E42D4E00D9D459 /* Build configuration list for PBXProject "NEHotspotHelperApp" */;
			compatibilityVersion = "Xcode 9.3";
			developmentRegion = en;
			hasScannedForEncodings = 0;
			knownRegions = (
				en,
				Base,
			);
			mainGroup = 02BEE47C21E42D4E00D9D459;
			productRefGroup = 02BEE48621E42D4E00D9D459 /* Products */;
			projectDirPath = "";
			projectRoot = "";
			targets = (
				02BEE48421E42D4E00D9D459 /* NEHotspotHelperApp */,
			);
		};
/* End PBXProject section */

/* Begin PBXResourcesBuildPhase section */
		02BEE48321E42D4E00D9D459 /* Resources */ = {
			isa = PBXResourcesBuildPhase;
			buildActionMask = 2147483647;
			files = (
				02BEE49321E42D5100D9D459 /* LaunchScreen.storyboard in Resources */,
				02BEE49021E42D5100D9D459 /* Assets.xcassets in Resources */,
				02BEE48E21E42D4E00D9D459 /* Main.storyboard in Resources */,
			);
			runOnlyForDeploymentPostprocessing = 0;
		};
/* End PBXResourcesBuildPhase section */

/* Begin PBXSourcesBuildPhase section */
		02BEE48121E42D4E00D9D459 /* Sources */ = {
			isa = PBXSourcesBuildPhase;
			buildActionMask = 2147483647;
			files = (
				02BEE49C21E4312600D9D459 /* HotspotHelperManager.swift in Sources */,
				02BEE48B21E42D4E00D9D459 /* ViewController.swift in Sources */,
				02BEE49F21E431AE00D9D459 /* WiFiData.swift in Sources */,
				02BEE48921E42D4E00D9D459 /* AppDelegate.swift in Sources */,
			);
			runOnlyForDeploymentPostprocessing = 0;
		};
/* End PBXSourcesBuildPhase section */

/* Begin PBXVariantGroup section */
		02BEE48C21E42D4E00D9D459 /* Main.storyboard */ = {
			isa = PBXVariantGroup;
			children = (
				02BEE48D21E42D4E00D9D459 /* Base */,
			);
			name = Main.storyboard;
			sourceTree = "<group>";
		};
		02BEE49121E42D5100D9D459 /* LaunchScreen.storyboard */ = {
			isa = PBXVariantGroup;
			children = (
				02BEE49221E42D5100D9D459 /* Base */,
			);
			name = LaunchScreen.storyboard;
			sourceTree = "<group>";
		};
/* End PBXVariantGroup section */

/* Begin XCBuildConfiguration section */
		02BEE49521E42D5100D9D459 /* Debug */ = {
			isa = XCBuildConfiguration;
			buildSettings = {
				ALWAYS_SEARCH_USER_PATHS = NO;
				CLANG_ANALYZER_NONNULL = YES;
				CLANG_ANALYZER_NUMBER_OBJECT_CONVERSION = YES_AGGRESSIVE;
				CLANG_CXX_LANGUAGE_STANDARD = "gnu++14";
				CLANG_CXX_LIBRARY = "libc++";
				CLANG_ENABLE_MODULES = YES;
				CLANG_ENABLE_OBJC_ARC = YES;
				CLANG_ENABLE_OBJC_WEAK = YES;
				CLANG_WARN_BLOCK_CAPTURE_AUTORELEASING = YES;
				CLANG_WARN_BOOL_CONVERSION = YES;
				CLANG_WARN_COMMA = YES;
				CLANG_WARN_CONSTANT_CONVERSION = YES;
				CLANG_WARN_DEPRECATED_OBJC_IMPLEMENTATIONS = YES;
				CLANG_WARN_DIRECT_OBJC_ISA_USAGE = YES_ERROR;
				CLANG_WARN_DOCUMENTATION_COMMENTS = YES;
				CLANG_WARN_EMPTY_BODY = YES;
				CLANG_WARN_ENUM_CONVERSION = YES;
				CLANG_WARN_INFINITE_RECURSION = YES;
				CLANG_WARN_INT_CONVERSION = YES;
				CLANG_WARN_NON_LITERAL_NULL_CONVERSION = YES;
				CLANG_WARN_OBJC_IMPLICIT_RETAIN_SELF = YES;
				CLANG_WARN_OBJC_LITERAL_CONVERSION = YES;
				CLANG_WARN_OBJC_ROOT_CLASS = YES_ERROR;
				CLANG_WARN_RANGE_LOOP_ANALYSIS = YES;
				CLANG_WARN_STRICT_PROTOTYPES = YES;
				CLANG_WARN_SUSPICIOUS_MOVE = YES;
				CLANG_WARN_UNGUARDED_AVAILABILITY = YES_AGGRESSIVE;
				CLANG_WARN_UNREACHABLE_CODE = YES;
				CLANG_WARN__DUPLICATE_METHOD_MATCH = YES;
				CODE_SIGN_IDENTITY = "iPhone Developer";
				COPY_PHASE_STRIP = NO;
				DEBUG_INFORMATION_FORMAT = dwarf;
				ENABLE_STRICT_OBJC_MSGSEND = YES;
				ENABLE_TESTABILITY = YES;
				GCC_C_LANGUAGE_STANDARD = gnu11;
				GCC_DYNAMIC_NO_PIC = NO;
				GCC_NO_COMMON_BLOCKS = YES;
				GCC_OPTIMIZATION_LEVEL = 0;
				GCC_PREPROCESSOR_DEFINITIONS = (
					"DEBUG=1",
					"$(inherited)",
				);
				GCC_WARN_64_TO_32_BIT_CONVERSION = YES;
				GCC_WARN_ABOUT_RETURN_TYPE = YES_ERROR;
				GCC_WARN_UNDECLARED_SELECTOR = YES;
				GCC_WARN_UNINITIALIZED_AUTOS = YES_AGGRESSIVE;
				GCC_WARN_UNUSED_FUNCTION = YES;
				GCC_WARN_UNUSED_VARIABLE = YES;
				IPHONEOS_DEPLOYMENT_TARGET = 12.1;
				MTL_ENABLE_DEBUG_INFO = INCLUDE_SOURCE;
				MTL_FAST_MATH = YES;
				ONLY_ACTIVE_ARCH = YES;
				SDKROOT = iphoneos;
				SWIFT_ACTIVE_COMPILATION_CONDITIONS = DEBUG;
				SWIFT_OPTIMIZATION_LEVEL = "-Onone";
			};
			name = Debug;
		};
		02BEE49621E42D5100D9D459 /* Release */ = {
			isa = XCBuildConfiguration;
			buildSettings = {
				ALWAYS_SEARCH_USER_PATHS = NO;
				CLANG_ANALYZER_NONNULL = YES;
				CLANG_ANALYZER_NUMBER_OBJECT_CONVERSION = YES_AGGRESSIVE;
				CLANG_CXX_LANGUAGE_STANDARD = "gnu++14";
				CLANG_CXX_LIBRARY = "libc++";
				CLANG_ENABLE_MODULES = YES;
				CLANG_ENABLE_OBJC_ARC = YES;
				CLANG_ENABLE_OBJC_WEAK = YES;
				CLANG_WARN_BLOCK_CAPTURE_AUTORELEASING = YES;
				CLANG_WARN_BOOL_CONVERSION = YES;
				CLANG_WARN_COMMA = YES;
				CLANG_WARN_CONSTANT_CONVERSION = YES;
				CLANG_WARN_DEPRECATED_OBJC_IMPLEMENTATIONS = YES;
				CLANG_WARN_DIRECT_OBJC_ISA_USAGE = YES_ERROR;
				CLANG_WARN_DOCUMENTATION_COMMENTS = YES;
				CLANG_WARN_EMPTY_BODY = YES;
				CLANG_WARN_ENUM_CONVERSION = YES;
				CLANG_WARN_INFINITE_RECURSION = YES;
				CLANG_WARN_INT_CONVERSION = YES;
				CLANG_WARN_NON_LITERAL_NULL_CONVERSION = YES;
				CLANG_WARN_OBJC_IMPLICIT_RETAIN_SELF = YES;
				CLANG_WARN_OBJC_LITERAL_CONVERSION = YES;
				CLANG_WARN_OBJC_ROOT_CLASS = YES_ERROR;
				CLANG_WARN_RANGE_LOOP_ANALYSIS = YES;
				CLANG_WARN_STRICT_PROTOTYPES = YES;
				CLANG_WARN_SUSPICIOUS_MOVE = YES;
				CLANG_WARN_UNGUARDED_AVAILABILITY = YES_AGGRESSIVE;
				CLANG_WARN_UNREACHABLE_CODE = YES;
				CLANG_WARN__DUPLICATE_METHOD_MATCH = YES;
				CODE_SIGN_IDENTITY = "iPhone Developer";
				COPY_PHASE_STRIP = NO;
				DEBUG_INFORMATION_FORMAT = "dwarf-with-dsym";
				ENABLE_NS_ASSERTIONS = NO;
				ENABLE_STRICT_OBJC_MSGSEND = YES;
				GCC_C_LANGUAGE_STANDARD = gnu11;
				GCC_NO_COMMON_BLOCKS = YES;
				GCC_WARN_64_TO_32_BIT_CONVERSION = YES;
				GCC_WARN_ABOUT_RETURN_TYPE = YES_ERROR;
				GCC_WARN_UNDECLARED_SELECTOR = YES;
				GCC_WARN_UNINITIALIZED_AUTOS = YES_AGGRESSIVE;
				GCC_WARN_UNUSED_FUNCTION = YES;
				GCC_WARN_UNUSED_VARIABLE = YES;
				IPHONEOS_DEPLOYMENT_TARGET = 12.1;
				MTL_ENABLE_DEBUG_INFO = NO;
				MTL_FAST_MATH = YES;
				SDKROOT = iphoneos;
				SWIFT_COMPILATION_MODE = wholemodule;
				SWIFT_OPTIMIZATION_LEVEL = "-O";
				VALIDATE_PRODUCT = YES;
			};
			name = Release;
		};
		02BEE49821E42D5100D9D459 /* Debug */ = {
			isa = XCBuildConfiguration;
			buildSettings = {
				ASSETCATALOG_COMPILER_APPICON_NAME = AppIcon;
				CODE_SIGN_ENTITLEMENTS = NEHotspotHelperApp/NEHotspotHelperApp.entitlements;
				CODE_SIGN_IDENTITY = "iPhone Developer";
				CODE_SIGN_STYLE = Automatic;
				DEVELOPMENT_TEAM = "";
				INFOPLIST_FILE = "$(SRCROOT)/NEHotspotHelperApp/Info.plist";
				LD_RUNPATH_SEARCH_PATHS = (
					"$(inherited)",
					"@executable_path/Frameworks",
				);
				PRODUCT_BUNDLE_IDENTIFIER = test.NEHotspotHelperApp;
				PRODUCT_NAME = "$(TARGET_NAME)";
				PROVISIONING_PROFILE_SPECIFIER = "";
				SWIFT_VERSION = 4.2;
				TARGETED_DEVICE_FAMILY = "1,2";
			};
			name = Debug;
		};
		02BEE49921E42D5100D9D459 /* Release */ = {
			isa = XCBuildConfiguration;
			buildSettings = {
				ASSETCATALOG_COMPILER_APPICON_NAME = AppIcon;
				CODE_SIGN_ENTITLEMENTS = NEHotspotHelperApp/NEHotspotHelperApp.entitlements;
				CODE_SIGN_IDENTITY = "iPhone Developer";
				CODE_SIGN_STYLE = Automatic;
				DEVELOPMENT_TEAM = "";
				INFOPLIST_FILE = "$(SRCROOT)/NEHotspotHelperApp/Info.plist";
				LD_RUNPATH_SEARCH_PATHS = (
					"$(inherited)",
					"@executable_path/Frameworks",
				);
				PRODUCT_BUNDLE_IDENTIFIER = test.NEHotspotHelperApp;
				PRODUCT_NAME = "$(TARGET_NAME)";
				PROVISIONING_PROFILE_SPECIFIER = "";
				SWIFT_VERSION = 4.2;
				TARGETED_DEVICE_FAMILY = "1,2";
			};
			name = Release;
		};
/* End XCBuildConfiguration section */

/* Begin XCConfigurationList section */
		02BEE48021E42D4E00D9D459 /* Build configuration list for PBXProject "NEHotspotHelperApp" */ = {
			isa = XCConfigurationList;
			buildConfigurations = (
				02BEE49521E42D5100D9D459 /* Debug */,
				02BEE49621E42D5100D9D459 /* Release */,
			);
			defaultConfigurationIsVisible = 0;
			defaultConfigurationName = Release;
		};
		02BEE49721E42D5100D9D459 /* Build configuration list for PBXNativeTarget "NEHotspotHelperApp" */ = {
			isa = XCConfigurationList;
			buildConfigurations = (
				02BEE49821E42D5100D9D459 /* Debug */,
				02BEE49921E42D5100D9D459 /* Release */,
			);
			defaultConfigurationIsVisible = 0;
			defaultConfigurationName = Release;
		};
/* End XCConfigurationList section */
	};
	rootObject = 02BEE47D21E42D4E00D9D459 /* Project object */;
}
